
Microsoft Visual Studio Solution File, Format Version 9.00
# Visual Studio 2005
Project("{8BC9CEB8-8B4A-11D0-8D11-00A0C91BC942}") = "mfc", "mfc\mfc.vcproj", "{695DE5CD-F73F-4866-98E7-10D1E06E4050}"
EndProject
Global
	GlobalSection(SolutionConfigurationPlatforms) = preSolution
		Debug|Win32 = Debug|Win32
		Release|Win32 = Release|Win32
	EndGlobalSection
	GlobalSection(ProjectConfigurationPlatforms) = postSolution
		{695DE5CD-F73F-4866-98E7-10D1E06E4050}.Debug|Win32.ActiveCfg = Debug|Win32
		{695DE5CD-F73F-4866-98E7-10D1E06E4050}.Debug|Win32.Build.0 = Debug|Win32
		{695DE5CD-F73F-4866-98E7-10D1E06E4050}.Release|Win32.ActiveCfg = Release|Win32
		{695DE5CD-F73F-4866-98E7-10D1E06E4050}.Release|Win32.Build.0 = Release|Win32
	EndGlobalSection
	GlobalSection(SolutionProperties) = preSolution
		HideSolutionNode = FALSE
	EndGlobalSection
EndGlobal
