
Microsoft Visual Studio Solution File, Format Version 12.00
# Visual Studio 15
VisualStudioVersion = 15.0.28307.1259
MinimumVisualStudioVersion = 10.0.40219.1
Project("{8BC9CEB8-8B4A-11D0-8D11-00A0C91BC942}") = "Raster", "Raster\Raster.vcxproj", "{15817D0C-F1B7-40B7-A229-706AB72278A8}"
EndProject
Project("{8BC9CEB8-8B4A-11D0-8D11-00A0C91BC942}") = "Bladex", "BladeExt\Bladex.vcxproj", "{45BBCEFB-81A4-4FDB-832A-027D0A5B991A}"
EndProject
Project("{8BC9CEB8-8B4A-11D0-8D11-00A0C91BC942}") = "netgame", "netgame\netgame.vcxproj", "{71413378-43EF-4477-8F17-290FA1F773C9}"
EndProject
Project("{8BC9CEB8-8B4A-11D0-8D11-00A0C91BC942}") = "Blade", "Blade\Blade.vcxproj", "{F18446DB-7027-4330-BB0F-3D133E659CA5}"
EndProject
Global
	GlobalSection(SolutionConfigurationPlatforms) = preSolution
		Debug|Win32 = Debug|Win32
		Native|Win32 = Native|Win32
		Release|Win32 = Release|Win32
	EndGlobalSection
	GlobalSection(ProjectConfigurationPlatforms) = postSolution
		{15817D0C-F1B7-40B7-A229-706AB72278A8}.Debug|Win32.ActiveCfg = Debug|Win32
		{15817D0C-F1B7-40B7-A229-706AB72278A8}.Debug|Win32.Build.0 = Debug|Win32
		{15817D0C-F1B7-40B7-A229-706AB72278A8}.Native|Win32.ActiveCfg = Debug|Win32
		{15817D0C-F1B7-40B7-A229-706AB72278A8}.Native|Win32.Build.0 = Debug|Win32
		{15817D0C-F1B7-40B7-A229-706AB72278A8}.Release|Win32.ActiveCfg = Release|Win32
		{15817D0C-F1B7-40B7-A229-706AB72278A8}.Release|Win32.Build.0 = Release|Win32
		{45BBCEFB-81A4-4FDB-832A-027D0A5B991A}.Debug|Win32.ActiveCfg = Debug|Win32
		{45BBCEFB-81A4-4FDB-832A-027D0A5B991A}.Debug|Win32.Build.0 = Debug|Win32
		{45BBCEFB-81A4-4FDB-832A-027D0A5B991A}.Native|Win32.ActiveCfg = Debug|Win32
		{45BBCEFB-81A4-4FDB-832A-027D0A5B991A}.Native|Win32.Build.0 = Debug|Win32
		{45BBCEFB-81A4-4FDB-832A-027D0A5B991A}.Release|Win32.ActiveCfg = Release|Win32
		{45BBCEFB-81A4-4FDB-832A-027D0A5B991A}.Release|Win32.Build.0 = Release|Win32
		{71413378-43EF-4477-8F17-290FA1F773C9}.Debug|Win32.ActiveCfg = Debug|Win32
		{71413378-43EF-4477-8F17-290FA1F773C9}.Debug|Win32.Build.0 = Debug|Win32
		{71413378-43EF-4477-8F17-290FA1F773C9}.Native|Win32.ActiveCfg = Debug|Win32
		{71413378-43EF-4477-8F17-290FA1F773C9}.Native|Win32.Build.0 = Debug|Win32
		{71413378-43EF-4477-8F17-290FA1F773C9}.Release|Win32.ActiveCfg = Release|Win32
		{71413378-43EF-4477-8F17-290FA1F773C9}.Release|Win32.Build.0 = Release|Win32
		{F18446DB-7027-4330-BB0F-3D133E659CA5}.Debug|Win32.ActiveCfg = Debug|Win32
		{F18446DB-7027-4330-BB0F-3D133E659CA5}.Debug|Win32.Build.0 = Debug|Win32
		{F18446DB-7027-4330-BB0F-3D133E659CA5}.Native|Win32.ActiveCfg = Native|Win32
		{F18446DB-7027-4330-BB0F-3D133E659CA5}.Native|Win32.Build.0 = Native|Win32
		{F18446DB-7027-4330-BB0F-3D133E659CA5}.Release|Win32.ActiveCfg = Release|Win32
		{F18446DB-7027-4330-BB0F-3D133E659CA5}.Release|Win32.Build.0 = Release|Win32
	EndGlobalSection
	GlobalSection(SolutionProperties) = preSolution
		HideSolutionNode = FALSE
	EndGlobalSection
	GlobalSection(ExtensibilityGlobals) = postSolution
		SolutionGuid = {6B3622C9-D4EB-4A09-AD48-218D52BCB807}
	EndGlobalSection
EndGlobal
